// !$*UTF8*$!
{
	archiveVersion = 1;
	classes = {
	};
	objectVersion = 46;
	objects = {

/* Begin PBXBuildFile section */
		BA25459B1E37B90700F463B5 /* Modals.swift in Sources */ = {isa = PBXBuildFile; fileRef = BA25459A1E37B90700F463B5 /* Modals.swift */; };
		BA25459D1E37B94C00F463B5 /* DataProviders.swift in Sources */ = {isa = PBXBuildFile; fileRef = BA25459C1E37B94C00F463B5 /* DataProviders.swift */; };
		BA5297A21E43550200C98B03 /* HobbyCollectionViewCell.swift in Sources */ = {isa = PBXBuildFile; fileRef = BA5297A11E43550200C98B03 /* HobbyCollectionViewCell.swift */; };
		BA5297A61E43741400C98B03 /* HobbiesCollectionViewHeader.swift in Sources */ = {isa = PBXBuildFile; fileRef = BA5297A51E43741300C98B03 /* HobbiesCollectionViewHeader.swift */; };
		BABBC1951E3DF93B00FF1C37 /* SFLConnection.swift in Sources */ = {isa = PBXBuildFile; fileRef = BABBC1931E3DF93B00FF1C37 /* SFLConnection.swift */; };
		BABBC1971E3DFC9A00FF1C37 /* Constants.swift in Sources */ = {isa = PBXBuildFile; fileRef = BABBC1961E3DFC9A00FF1C37 /* Constants.swift */; };
		BABBC1991E3E029000FF1C37 /* SFLBaseModel.swift in Sources */ = {isa = PBXBuildFile; fileRef = BABBC1981E3E029000FF1C37 /* SFLBaseModel.swift */; };
		BADAE3E81E2B7FE00019DE01 /* AppDelegate.swift in Sources */ = {isa = PBXBuildFile; fileRef = BADAE3E71E2B7FE00019DE01 /* AppDelegate.swift */; };
		BADAE3EA1E2B7FE00019DE01 /* ViewController.swift in Sources */ = {isa = PBXBuildFile; fileRef = BADAE3E91E2B7FE00019DE01 /* ViewController.swift */; };
		BADAE3ED1E2B7FE00019DE01 /* Main.storyboard in Resources */ = {isa = PBXBuildFile; fileRef = BADAE3EB1E2B7FE00019DE01 /* Main.storyboard */; };
		BADAE3EF1E2B7FE00019DE01 /* Assets.xcassets in Resources */ = {isa = PBXBuildFile; fileRef = BADAE3EE1E2B7FE00019DE01 /* Assets.xcassets */; };
		BADAE3F21E2B7FE00019DE01 /* LaunchScreen.storyboard in Resources */ = {isa = PBXBuildFile; fileRef = BADAE3F01E2B7FE00019DE01 /* LaunchScreen.storyboard */; };
		BADAE3FB1E2B7FEE0019DE01 /* MapKit.framework in Frameworks */ = {isa = PBXBuildFile; fileRef = BADAE3FA1E2B7FEE0019DE01 /* MapKit.framework */; };
		BADAE4091E2B959A0019DE01 /* HoBShareViewController.swift in Sources */ = {isa = PBXBuildFile; fileRef = BADAE4081E2B959A0019DE01 /* HoBShareViewController.swift */; };
		BADAE40B1E2B95D80019DE01 /* MeViewController.swift in Sources */ = {isa = PBXBuildFile; fileRef = BADAE40A1E2B95D80019DE01 /* MeViewController.swift */; };
		BADAE40D1E2B967A0019DE01 /* EditHoBShareViewController.swift in Sources */ = {isa = PBXBuildFile; fileRef = BADAE40C1E2B967A0019DE01 /* EditHoBShareViewController.swift */; };
		BADAE40F1E2B96830019DE01 /* NeighboursViewController.swift in Sources */ = {isa = PBXBuildFile; fileRef = BADAE40E1E2B96830019DE01 /* NeighboursViewController.swift */; };
/* End PBXBuildFile section */

/* Begin PBXFileReference section */
		BA25459A1E37B90700F463B5 /* Modals.swift */ = {isa = PBXFileReference; fileEncoding = 4; lastKnownFileType = sourcecode.swift; path = Modals.swift; sourceTree = "<group>"; };
		BA25459C1E37B94C00F463B5 /* DataProviders.swift */ = {isa = PBXFileReference; fileEncoding = 4; lastKnownFileType = sourcecode.swift; path = DataProviders.swift; sourceTree = "<group>"; };
		BA5297A11E43550200C98B03 /* HobbyCollectionViewCell.swift */ = {isa = PBXFileReference; fileEncoding = 4; lastKnownFileType = sourcecode.swift; path = HobbyCollectionViewCell.swift; sourceTree = "<group>"; };
		BA5297A51E43741300C98B03 /* HobbiesCollectionViewHeader.swift */ = {isa = PBXFileReference; fileEncoding = 4; lastKnownFileType = sourcecode.swift; path = HobbiesCollectionViewHeader.swift; sourceTree = "<group>"; };
		BABBC1931E3DF93B00FF1C37 /* SFLConnection.swift */ = {isa = PBXFileReference; fileEncoding = 4; lastKnownFileType = sourcecode.swift; name = SFLConnection.swift; path = ../../../Downloads/StarterKit/SFLConnection.swift; sourceTree = "<group>"; };
		BABBC1961E3DFC9A00FF1C37 /* Constants.swift */ = {isa = PBXFileReference; fileEncoding = 4; lastKnownFileType = sourcecode.swift; path = Constants.swift; sourceTree = "<group>"; };
		BABBC1981E3E029000FF1C37 /* SFLBaseModel.swift */ = {isa = PBXFileReference; fileEncoding = 4; lastKnownFileType = sourcecode.swift; name = SFLBaseModel.swift; path = ../../../Downloads/StarterKit/SFLBaseModel.swift; sourceTree = "<group>"; };
		BADAE3E41E2B7FE00019DE01 /* HoBShare Assignment 054.app */ = {isa = PBXFileReference; explicitFileType = wrapper.application; includeInIndex = 0; path = "HoBShare Assignment 054.app"; sourceTree = BUILT_PRODUCTS_DIR; };
		BADAE3E71E2B7FE00019DE01 /* AppDelegate.swift */ = {isa = PBXFileReference; lastKnownFileType = sourcecode.swift; path = AppDelegate.swift; sourceTree = "<group>"; };
		BADAE3E91E2B7FE00019DE01 /* ViewController.swift */ = {isa = PBXFileReference; lastKnownFileType = sourcecode.swift; path = ViewController.swift; sourceTree = "<group>"; };
		BADAE3EC1E2B7FE00019DE01 /* Base */ = {isa = PBXFileReference; lastKnownFileType = file.storyboard; name = Base; path = Base.lproj/Main.storyboard; sourceTree = "<group>"; };
		BADAE3EE1E2B7FE00019DE01 /* Assets.xcassets */ = {isa = PBXFileReference; lastKnownFileType = folder.assetcatalog; path = Assets.xcassets; sourceTree = "<group>"; };
		BADAE3F11E2B7FE00019DE01 /* Base */ = {isa = PBXFileReference; lastKnownFileType = file.storyboard; name = Base; path = Base.lproj/LaunchScreen.storyboard; sourceTree = "<group>"; };
		BADAE3F31E2B7FE00019DE01 /* Info.plist */ = {isa = PBXFileReference; lastKnownFileType = text.plist.xml; path = Info.plist; sourceTree = "<group>"; };
		BADAE3FA1E2B7FEE0019DE01 /* MapKit.framework */ = {isa = PBXFileReference; lastKnownFileType = wrapper.framework; name = MapKit.framework; path = System/Library/Frameworks/MapKit.framework; sourceTree = SDKROOT; };
		BADAE4081E2B959A0019DE01 /* HoBShareViewController.swift */ = {isa = PBXFileReference; fileEncoding = 4; lastKnownFileType = sourcecode.swift; path = HoBShareViewController.swift; sourceTree = "<group>"; };
		BADAE40A1E2B95D80019DE01 /* MeViewController.swift */ = {isa = PBXFileReference; fileEncoding = 4; lastKnownFileType = sourcecode.swift; path = MeViewController.swift; sourceTree = "<group>"; };
		BADAE40C1E2B967A0019DE01 /* EditHoBShareViewController.swift */ = {isa = PBXFileReference; fileEncoding = 4; lastKnownFileType = sourcecode.swift; path = EditHoBShareViewController.swift; sourceTree = "<group>"; };
		BADAE40E1E2B96830019DE01 /* NeighboursViewController.swift */ = {isa = PBXFileReference; fileEncoding = 4; lastKnownFileType = sourcecode.swift; path = NeighboursViewController.swift; sourceTree = "<group>"; };
/* End PBXFileReference section */

/* Begin PBXFrameworksBuildPhase section */
		BADAE3E11E2B7FE00019DE01 /* Frameworks */ = {
			isa = PBXFrameworksBuildPhase;
			buildActionMask = 2147483647;
			files = (
				BADAE3FB1E2B7FEE0019DE01 /* MapKit.framework in Frameworks */,
			);
			runOnlyForDeploymentPostprocessing = 0;
		};
/* End PBXFrameworksBuildPhase section */

/* Begin PBXGroup section */
		BADAE3DB1E2B7FE00019DE01 = {
			isa = PBXGroup;
			children = (
				BA5297A51E43741300C98B03 /* HobbiesCollectionViewHeader.swift */,
				BA5297A11E43550200C98B03 /* HobbyCollectionViewCell.swift */,
				BABBC1981E3E029000FF1C37 /* SFLBaseModel.swift */,
				BABBC1931E3DF93B00FF1C37 /* SFLConnection.swift */,
				BADAE3E61E2B7FE00019DE01 /* HoBShare Assignment 054 */,
				BADAE3E51E2B7FE00019DE01 /* Products */,
				BADAE3F91E2B7FEE0019DE01 /* Frameworks */,
			);
			sourceTree = "<group>";
		};
		BADAE3E51E2B7FE00019DE01 /* Products */ = {
			isa = PBXGroup;
			children = (
				BADAE3E41E2B7FE00019DE01 /* HoBShare Assignment 054.app */,
			);
			name = Products;
			sourceTree = "<group>";
		};
		BADAE3E61E2B7FE00019DE01 /* HoBShare Assignment 054 */ = {
			isa = PBXGroup;
			children = (
				BADAE3E71E2B7FE00019DE01 /* AppDelegate.swift */,
				BADAE3E91E2B7FE00019DE01 /* ViewController.swift */,
				BADAE3EB1E2B7FE00019DE01 /* Main.storyboard */,
				BADAE4081E2B959A0019DE01 /* HoBShareViewController.swift */,
				BABBC1961E3DFC9A00FF1C37 /* Constants.swift */,
				BADAE40C1E2B967A0019DE01 /* EditHoBShareViewController.swift */,
				BA25459A1E37B90700F463B5 /* Modals.swift */,
				BA25459C1E37B94C00F463B5 /* DataProviders.swift */,
				BADAE40E1E2B96830019DE01 /* NeighboursViewController.swift */,
				BADAE40A1E2B95D80019DE01 /* MeViewController.swift */,
				BADAE3EE1E2B7FE00019DE01 /* Assets.xcassets */,
				BADAE3F01E2B7FE00019DE01 /* LaunchScreen.storyboard */,
				BADAE3F31E2B7FE00019DE01 /* Info.plist */,
			);
			path = "HoBShare Assignment 054";
			sourceTree = "<group>";
		};
		BADAE3F91E2B7FEE0019DE01 /* Frameworks */ = {
			isa = PBXGroup;
			children = (
				BADAE3FA1E2B7FEE0019DE01 /* MapKit.framework */,
			);
			name = Frameworks;
			sourceTree = "<group>";
		};
/* End PBXGroup section */

/* Begin PBXNativeTarget section */
		BADAE3E31E2B7FE00019DE01 /* HoBShare Assignment 054 */ = {
			isa = PBXNativeTarget;
			buildConfigurationList = BADAE3F61E2B7FE00019DE01 /* Build configuration list for PBXNativeTarget "HoBShare Assignment 054" */;
			buildPhases = (
				BADAE3E01E2B7FE00019DE01 /* Sources */,
				BADAE3E11E2B7FE00019DE01 /* Frameworks */,
				BADAE3E21E2B7FE00019DE01 /* Resources */,
			);
			buildRules = (
			);
			dependencies = (
			);
			name = "HoBShare Assignment 054";
			productName = "HoBShare Assignment 054";
			productReference = BADAE3E41E2B7FE00019DE01 /* HoBShare Assignment 054.app */;
			productType = "com.apple.product-type.application";
		};
/* End PBXNativeTarget section */

/* Begin PBXProject section */
		BADAE3DC1E2B7FE00019DE01 /* Project object */ = {
			isa = PBXProject;
			attributes = {
				LastSwiftUpdateCheck = 0800;
				LastUpgradeCheck = 0800;
				ORGANIZATIONNAME = "Sahil Dhawan";
				TargetAttributes = {
					BADAE3E31E2B7FE00019DE01 = {
						CreatedOnToolsVersion = 8.0;
						DevelopmentTeam = 7Q7M69XNR3;
						ProvisioningStyle = Automatic;
					};
				};
			};
			buildConfigurationList = BADAE3DF1E2B7FE00019DE01 /* Build configuration list for PBXProject "HoBShare Assignment 054" */;
			compatibilityVersion = "Xcode 3.2";
			developmentRegion = English;
			hasScannedForEncodings = 0;
			knownRegions = (
				en,
				Base,
			);
			mainGroup = BADAE3DB1E2B7FE00019DE01;
			productRefGroup = BADAE3E51E2B7FE00019DE01 /* Products */;
			projectDirPath = "";
			projectRoot = "";
			targets = (
				BADAE3E31E2B7FE00019DE01 /* HoBShare Assignment 054 */,
			);
		};
/* End PBXProject section */

/* Begin PBXResourcesBuildPhase section */
		BADAE3E21E2B7FE00019DE01 /* Resources */ = {
			isa = PBXResourcesBuildPhase;
			buildActionMask = 2147483647;
			files = (
				BADAE3F21E2B7FE00019DE01 /* LaunchScreen.storyboard in Resources */,
				BADAE3EF1E2B7FE00019DE01 /* Assets.xcassets in Resources */,
				BADAE3ED1E2B7FE00019DE01 /* Main.storyboard in Resources */,
			);
			runOnlyForDeploymentPostprocessing = 0;
		};
/* End PBXResourcesBuildPhase section */

/* Begin PBXSourcesBuildPhase section */
		BADAE3E01E2B7FE00019DE01 /* Sources */ = {
			isa = PBXSourcesBuildPhase;
			buildActionMask = 2147483647;
			files = (
				BADAE40B1E2B95D80019DE01 /* MeViewController.swift in Sources */,
				BA25459D1E37B94C00F463B5 /* DataProviders.swift in Sources */,
				BADAE3EA1E2B7FE00019DE01 /* ViewController.swift in Sources */,
				BA5297A21E43550200C98B03 /* HobbyCollectionViewCell.swift in Sources */,
				BADAE4091E2B959A0019DE01 /* HoBShareViewController.swift in Sources */,
				BADAE40D1E2B967A0019DE01 /* EditHoBShareViewController.swift in Sources */,
				BA5297A61E43741400C98B03 /* HobbiesCollectionViewHeader.swift in Sources */,
				BADAE3E81E2B7FE00019DE01 /* AppDelegate.swift in Sources */,
				BABBC1991E3E029000FF1C37 /* SFLBaseModel.swift in Sources */,
				BABBC1951E3DF93B00FF1C37 /* SFLConnection.swift in Sources */,
				BADAE40F1E2B96830019DE01 /* NeighboursViewController.swift in Sources */,
				BA25459B1E37B90700F463B5 /* Modals.swift in Sources */,
				BABBC1971E3DFC9A00FF1C37 /* Constants.swift in Sources */,
			);
			runOnlyForDeploymentPostprocessing = 0;
		};
/* End PBXSourcesBuildPhase section */

/* Begin PBXVariantGroup section */
		BADAE3EB1E2B7FE00019DE01 /* Main.storyboard */ = {
			isa = PBXVariantGroup;
			children = (
				BADAE3EC1E2B7FE00019DE01 /* Base */,
			);
			name = Main.storyboard;
			sourceTree = "<group>";
		};
		BADAE3F01E2B7FE00019DE01 /* LaunchScreen.storyboard */ = {
			isa = PBXVariantGroup;
			children = (
				BADAE3F11E2B7FE00019DE01 /* Base */,
			);
			name = LaunchScreen.storyboard;
			sourceTree = "<group>";
		};
/* End PBXVariantGroup section */

/* Begin XCBuildConfiguration section */
		BADAE3F41E2B7FE00019DE01 /* Debug */ = {
			isa = XCBuildConfiguration;
			buildSettings = {
				ALWAYS_SEARCH_USER_PATHS = NO;
				CLANG_ANALYZER_NONNULL = YES;
				CLANG_CXX_LANGUAGE_STANDARD = "gnu++0x";
				CLANG_CXX_LIBRARY = "libc++";
				CLANG_ENABLE_MODULES = YES;
				CLANG_ENABLE_OBJC_ARC = YES;
				CLANG_WARN_BOOL_CONVERSION = YES;
				CLANG_WARN_CONSTANT_CONVERSION = YES;
				CLANG_WARN_DIRECT_OBJC_ISA_USAGE = YES_ERROR;
				CLANG_WARN_DOCUMENTATION_COMMENTS = YES;
				CLANG_WARN_EMPTY_BODY = YES;
				CLANG_WARN_ENUM_CONVERSION = YES;
				CLANG_WARN_INFINITE_RECURSION = YES;
				CLANG_WARN_INT_CONVERSION = YES;
				CLANG_WARN_OBJC_ROOT_CLASS = YES_ERROR;
				CLANG_WARN_SUSPICIOUS_MOVES = YES;
				CLANG_WARN_UNREACHABLE_CODE = YES;
				CLANG_WARN__DUPLICATE_METHOD_MATCH = YES;
				"CODE_SIGN_IDENTITY[sdk=iphoneos*]" = "iPhone Developer";
				COPY_PHASE_STRIP = NO;
				DEBUG_INFORMATION_FORMAT = dwarf;
				ENABLE_STRICT_OBJC_MSGSEND = YES;
				ENABLE_TESTABILITY = YES;
				GCC_C_LANGUAGE_STANDARD = gnu99;
				GCC_DYNAMIC_NO_PIC = NO;
				GCC_NO_COMMON_BLOCKS = YES;
				GCC_OPTIMIZATION_LEVEL = 0;
				GCC_PREPROCESSOR_DEFINITIONS = (
					"DEBUG=1",
					"$(inherited)",
				);
				GCC_WARN_64_TO_32_BIT_CONVERSION = YES;
				GCC_WARN_ABOUT_RETURN_TYPE = YES_ERROR;
				GCC_WARN_UNDECLARED_SELECTOR = YES;
				GCC_WARN_UNINITIALIZED_AUTOS = YES_AGGRESSIVE;
				GCC_WARN_UNUSED_FUNCTION = YES;
				GCC_WARN_UNUSED_VARIABLE = YES;
				IPHONEOS_DEPLOYMENT_TARGET = 10.0;
				MTL_ENABLE_DEBUG_INFO = YES;
				ONLY_ACTIVE_ARCH = YES;
				SDKROOT = iphoneos;
				SWIFT_ACTIVE_COMPILATION_CONDITIONS = DEBUG;
				SWIFT_OPTIMIZATION_LEVEL = "-Onone";
				TARGETED_DEVICE_FAMILY = "1,2";
			};
			name = Debug;
		};
		BADAE3F51E2B7FE00019DE01 /* Release */ = {
			isa = XCBuildConfiguration;
			buildSettings = {
				ALWAYS_SEARCH_USER_PATHS = NO;
				CLANG_ANALYZER_NONNULL = YES;
				CLANG_CXX_LANGUAGE_STANDARD = "gnu++0x";
				CLANG_CXX_LIBRARY = "libc++";
				CLANG_ENABLE_MODULES = YES;
				CLANG_ENABLE_OBJC_ARC = YES;
				CLANG_WARN_BOOL_CONVERSION = YES;
				CLANG_WARN_CONSTANT_CONVERSION = YES;
				CLANG_WARN_DIRECT_OBJC_ISA_USAGE = YES_ERROR;
				CLANG_WARN_DOCUMENTATION_COMMENTS = YES;
				CLANG_WARN_EMPTY_BODY = YES;
				CLANG_WARN_ENUM_CONVERSION = YES;
				CLANG_WARN_INFINITE_RECURSION = YES;
				CLANG_WARN_INT_CONVERSION = YES;
				CLANG_WARN_OBJC_ROOT_CLASS = YES_ERROR;
				CLANG_WARN_SUSPICIOUS_MOVES = YES;
				CLANG_WARN_UNREACHABLE_CODE = YES;
				CLANG_WARN__DUPLICATE_METHOD_MATCH = YES;
				"CODE_SIGN_IDENTITY[sdk=iphoneos*]" = "iPhone Developer";
				COPY_PHASE_STRIP = NO;
				DEBUG_INFORMATION_FORMAT = "dwarf-with-dsym";
				ENABLE_NS_ASSERTIONS = NO;
				ENABLE_STRICT_OBJC_MSGSEND = YES;
				GCC_C_LANGUAGE_STANDARD = gnu99;
				GCC_NO_COMMON_BLOCKS = YES;
				GCC_WARN_64_TO_32_BIT_CONVERSION = YES;
				GCC_WARN_ABOUT_RETURN_TYPE = YES_ERROR;
				GCC_WARN_UNDECLARED_SELECTOR = YES;
				GCC_WARN_UNINITIALIZED_AUTOS = YES_AGGRESSIVE;
				GCC_WARN_UNUSED_FUNCTION = YES;
				GCC_WARN_UNUSED_VARIABLE = YES;
				IPHONEOS_DEPLOYMENT_TARGET = 10.0;
				MTL_ENABLE_DEBUG_INFO = NO;
				SDKROOT = iphoneos;
				SWIFT_OPTIMIZATION_LEVEL = "-Owholemodule";
				TARGETED_DEVICE_FAMILY = "1,2";
				VALIDATE_PRODUCT = YES;
			};
			name = Release;
		};
		BADAE3F71E2B7FE00019DE01 /* Debug */ = {
			isa = XCBuildConfiguration;
			buildSettings = {
				ASSETCATALOG_COMPILER_APPICON_NAME = AppIcon;
				DEVELOPMENT_TEAM = 7Q7M69XNR3;
				INFOPLIST_FILE = "HoBShare Assignment 054/Info.plist";
				LD_RUNPATH_SEARCH_PATHS = "$(inherited) @executable_path/Frameworks";
				PRODUCT_BUNDLE_IDENTIFIER = "dhawan-sahil.HoBShare-Assignment-054";
				PRODUCT_NAME = "$(TARGET_NAME)";
				SWIFT_VERSION = 2.3;
			};
			name = Debug;
		};
		BADAE3F81E2B7FE00019DE01 /* Release */ = {
			isa = XCBuildConfiguration;
			buildSettings = {
				ASSETCATALOG_COMPILER_APPICON_NAME = AppIcon;
				DEVELOPMENT_TEAM = 7Q7M69XNR3;
				INFOPLIST_FILE = "HoBShare Assignment 054/Info.plist";
				LD_RUNPATH_SEARCH_PATHS = "$(inherited) @executable_path/Frameworks";
				PRODUCT_BUNDLE_IDENTIFIER = "dhawan-sahil.HoBShare-Assignment-054";
				PRODUCT_NAME = "$(TARGET_NAME)";
				SWIFT_VERSION = 2.3;
			};
			name = Release;
		};
/* End XCBuildConfiguration section */

/* Begin XCConfigurationList section */
		BADAE3DF1E2B7FE00019DE01 /* Build configuration list for PBXProject "HoBShare Assignment 054" */ = {
			isa = XCConfigurationList;
			buildConfigurations = (
				BADAE3F41E2B7FE00019DE01 /* Debug */,
				BADAE3F51E2B7FE00019DE01 /* Release */,
			);
			defaultConfigurationIsVisible = 0;
			defaultConfigurationName = Release;
		};
		BADAE3F61E2B7FE00019DE01 /* Build configuration list for PBXNativeTarget "HoBShare Assignment 054" */ = {
			isa = XCConfigurationList;
			buildConfigurations = (
				BADAE3F71E2B7FE00019DE01 /* Debug */,
				BADAE3F81E2B7FE00019DE01 /* Release */,
			);
			defaultConfigurationIsVisible = 0;
			defaultConfigurationName = Release;
		};
/* End XCConfigurationList section */
	};
	rootObject = BADAE3DC1E2B7FE00019DE01 /* Project object */;
}
